# THIS IS AN AUTOGENERATED FILE. DO NOT EDIT THIS FILE DIRECTLY.
# yarn lockfile v1


cookie@^0.4.1:
  version "0.4.1"
  resolved "https://registry.npmjs.org/cookie/-/cookie-0.4.1.tgz"
  integrity sha512-ZwrFkGJxUR3EIoXtO+yVE69Eb7KlixbaeAWfBQB9vVsNn/o+Yw69gBWSSDK825hQNdN+wF8zELf3dFNl/kxkUA==

detect-indent@~6.0.0:
  version "6.0.0"
  resolved "https://registry.npmjs.org/detect-indent/-/detect-indent-6.0.0.tgz"
  integrity sha512-oSyFlqaTHCItVRGK5RmrmjB+CmaMOW7IaNA/kdxqhoa6d17j/5ce9O9eWXmV/KEdRwqpQA+Vqe8a8Bsybu4YnA==

docopt@~0.6.2:
  version "0.6.2"
  resolved "https://registry.npmjs.org/docopt/-/docopt-0.6.2.tgz"
  integrity sha1-so6eIiDaXsSffqW7JKR3h0Be6xE=

dot-json@^1.2.2:
  version "1.2.2"
  resolved "https://registry.npmjs.org/dot-json/-/dot-json-1.2.2.tgz"
  integrity sha512-AKL+GsO4wSEU4LU+fAk/PqN4nQ6PB1vT3HpMiZous9xCzK5S0kh4DzfUY0EfU67jsIXLlu0ty71659N9Nmg+Tw==
  dependencies:
    detect-indent "~6.0.0"
    docopt "~0.6.2"
    underscore-keypath "~0.0.22"

lodash.clonedeep@^4.5.0:
  version "4.5.0"
  resolved "https://registry.npmjs.org/lodash.clonedeep/-/lodash.clonedeep-4.5.0.tgz"
  integrity sha1-4j8/nE+Pvd6HJSnBBxhXoIblzO8=

node-fetch@^2.6.1:
  version "2.6.1"
  resolved "https://registry.npmjs.org/node-fetch/-/node-fetch-2.6.1.tgz"
  integrity sha512-V4aYg89jEoVRxRb2fJdAg8FHvI7cEyYdVAh94HH0UIK8oJxUfkjlDQN9RbMx+bEjP7+ggMiFRprSti032Oipxw==

underscore-keypath@~0.0.22:
  version "0.0.22"
  resolved "https://registry.npmjs.org/underscore-keypath/-/underscore-keypath-0.0.22.tgz"
  integrity sha1-SKUoOSu278QkvhyqVtpLX6zPJk0=
  dependencies:
    underscore "*"

underscore@*:
  version "1.13.1"
  resolved "https://registry.npmjs.org/underscore/-/underscore-1.13.1.tgz"
  integrity sha512-hzSoAVtJF+3ZtiFX0VgfFPHEDRm7Y/QPjGyNo4TVdnDTdft3tr8hEkD25a1jC+TjTuE7tkHGKkhwCgs9dgBB2g==

user-agents@^1.0.642:
  version "1.0.642"
  resolved "https://registry.npmjs.org/user-agents/-/user-agents-1.0.642.tgz"
  integrity sha512-OFuWd05zQrK2Eq/wsMDy5hxAqGmiO+XmxHomewC5d0Z5cEitk9GMiJouhcB6byjuwxUQCpuYeIAP8dYb7OvBsA==
  dependencies:
    dot-json "^1.2.2"
    lodash.clonedeep "^4.5.0"
